// !$*UTF8*$!
{
	archiveVersion = 1;
	classes = {
	};
	objectVersion = 46;
	objects = {

/* Begin PBXBuildFile section */
		574D02433827494D9DC90399 /* libPods-PruebaFont.a in Frameworks */ = {isa = PBXBuildFile; fileRef = 1720EF372C4A6DA71307C45B /* libPods-PruebaFont.a */; };
		9C95C05F1BD7FC0B008063C3 /* AppDelegate.swift in Sources */ = {isa = PBXBuildFile; fileRef = 9C95C05E1BD7FC0B008063C3 /* AppDelegate.swift */; };
		9C95C0611BD7FC0B008063C3 /* ViewController.swift in Sources */ = {isa = PBXBuildFile; fileRef = 9C95C0601BD7FC0B008063C3 /* ViewController.swift */; };
		9C95C0641BD7FC0B008063C3 /* Main.storyboard in Resources */ = {isa = PBXBuildFile; fileRef = 9C95C0621BD7FC0B008063C3 /* Main.storyboard */; };
		9C95C0661BD7FC0C008063C3 /* Assets.xcassets in Resources */ = {isa = PBXBuildFile; fileRef = 9C95C0651BD7FC0C008063C3 /* Assets.xcassets */; };
		9C95C0691BD7FC0C008063C3 /* LaunchScreen.storyboard in Resources */ = {isa = PBXBuildFile; fileRef = 9C95C0671BD7FC0C008063C3 /* LaunchScreen.storyboard */; };
/* End PBXBuildFile section */

/* Begin PBXFileReference section */
		135CA8F25F2D34330F69C006 /* Pods-PruebaFont.debug.xcconfig */ = {isa = PBXFileReference; includeInIndex = 1; lastKnownFileType = text.xcconfig; name = "Pods-PruebaFont.debug.xcconfig"; path = "Pods/Target Support Files/Pods-PruebaFont/Pods-PruebaFont.debug.xcconfig"; sourceTree = "<group>"; };
		1720EF372C4A6DA71307C45B /* libPods-PruebaFont.a */ = {isa = PBXFileReference; explicitFileType = archive.ar; includeInIndex = 0; path = "libPods-PruebaFont.a"; sourceTree = BUILT_PRODUCTS_DIR; };
		9C0AFF141BD832C000AD6450 /* PruebaFont-Bridging-Header.h */ = {isa = PBXFileReference; lastKnownFileType = sourcecode.c.h; path = "PruebaFont-Bridging-Header.h"; sourceTree = "<group>"; };
		9C95C05B1BD7FC0B008063C3 /* PruebaFont.app */ = {isa = PBXFileReference; explicitFileType = wrapper.application; includeInIndex = 0; path = PruebaFont.app; sourceTree = BUILT_PRODUCTS_DIR; };
		9C95C05E1BD7FC0B008063C3 /* AppDelegate.swift */ = {isa = PBXFileReference; lastKnownFileType = sourcecode.swift; path = AppDelegate.swift; sourceTree = "<group>"; };
		9C95C0601BD7FC0B008063C3 /* ViewController.swift */ = {isa = PBXFileReference; lastKnownFileType = sourcecode.swift; path = ViewController.swift; sourceTree = "<group>"; };
		9C95C0631BD7FC0B008063C3 /* Base */ = {isa = PBXFileReference; lastKnownFileType = file.storyboard; name = Base; path = Base.lproj/Main.storyboard; sourceTree = "<group>"; };
		9C95C0651BD7FC0C008063C3 /* Assets.xcassets */ = {isa = PBXFileReference; lastKnownFileType = folder.assetcatalog; path = Assets.xcassets; sourceTree = "<group>"; };
		9C95C0681BD7FC0C008063C3 /* Base */ = {isa = PBXFileReference; lastKnownFileType = file.storyboard; name = Base; path = Base.lproj/LaunchScreen.storyboard; sourceTree = "<group>"; };
		9C95C06A1BD7FC0C008063C3 /* Info.plist */ = {isa = PBXFileReference; lastKnownFileType = text.plist.xml; path = Info.plist; sourceTree = "<group>"; };
		FCD37F3EE1C1D32672C64812 /* Pods-PruebaFont.release.xcconfig */ = {isa = PBXFileReference; includeInIndex = 1; lastKnownFileType = text.xcconfig; name = "Pods-PruebaFont.release.xcconfig"; path = "Pods/Target Support Files/Pods-PruebaFont/Pods-PruebaFont.release.xcconfig"; sourceTree = "<group>"; };
/* End PBXFileReference section */

/* Begin PBXFrameworksBuildPhase section */
		9C95C0581BD7FC0B008063C3 /* Frameworks */ = {
			isa = PBXFrameworksBuildPhase;
			buildActionMask = 2147483647;
			files = (
				574D02433827494D9DC90399 /* libPods-PruebaFont.a in Frameworks */,
			);
			runOnlyForDeploymentPostprocessing = 0;
		};
/* End PBXFrameworksBuildPhase section */

/* Begin PBXGroup section */
		5645626103D85E333B96541A /* Frameworks */ = {
			isa = PBXGroup;
			children = (
				1720EF372C4A6DA71307C45B /* libPods-PruebaFont.a */,
			);
			name = Frameworks;
			sourceTree = "<group>";
		};
		9C95C0521BD7FC0B008063C3 = {
			isa = PBXGroup;
			children = (
				9C95C05D1BD7FC0B008063C3 /* PruebaFont */,
				9C95C05C1BD7FC0B008063C3 /* Products */,
				D32C116558C7D8575F3959D1 /* Pods */,
				5645626103D85E333B96541A /* Frameworks */,
			);
			sourceTree = "<group>";
		};
		9C95C05C1BD7FC0B008063C3 /* Products */ = {
			isa = PBXGroup;
			children = (
				9C95C05B1BD7FC0B008063C3 /* PruebaFont.app */,
			);
			name = Products;
			sourceTree = "<group>";
		};
		9C95C05D1BD7FC0B008063C3 /* PruebaFont */ = {
			isa = PBXGroup;
			children = (
				9C95C05E1BD7FC0B008063C3 /* AppDelegate.swift */,
				9C95C0601BD7FC0B008063C3 /* ViewController.swift */,
				9C95C0621BD7FC0B008063C3 /* Main.storyboard */,
				9C95C0651BD7FC0C008063C3 /* Assets.xcassets */,
				9C95C0671BD7FC0C008063C3 /* LaunchScreen.storyboard */,
				9C95C06A1BD7FC0C008063C3 /* Info.plist */,
				9C0AFF141BD832C000AD6450 /* PruebaFont-Bridging-Header.h */,
			);
			path = PruebaFont;
			sourceTree = "<group>";
		};
		D32C116558C7D8575F3959D1 /* Pods */ = {
			isa = PBXGroup;
			children = (
				135CA8F25F2D34330F69C006 /* Pods-PruebaFont.debug.xcconfig */,
				FCD37F3EE1C1D32672C64812 /* Pods-PruebaFont.release.xcconfig */,
			);
			name = Pods;
			sourceTree = "<group>";
		};
/* End PBXGroup section */

/* Begin PBXNativeTarget section */
		9C95C05A1BD7FC0B008063C3 /* PruebaFont */ = {
			isa = PBXNativeTarget;
			buildConfigurationList = 9C95C06D1BD7FC0C008063C3 /* Build configuration list for PBXNativeTarget "PruebaFont" */;
			buildPhases = (
				53992CA8F523F0925E2EAA6C /* Check Pods Manifest.lock */,
				9C95C0571BD7FC0B008063C3 /* Sources */,
				9C95C0581BD7FC0B008063C3 /* Frameworks */,
				9C95C0591BD7FC0B008063C3 /* Resources */,
				6EB8521171ECA017A34ED455 /* Embed Pods Frameworks */,
				752F5433B6C45164AB224C8F /* Copy Pods Resources */,
			);
			buildRules = (
			);
			dependencies = (
			);
			name = PruebaFont;
			productName = PruebaFont;
			productReference = 9C95C05B1BD7FC0B008063C3 /* PruebaFont.app */;
			productType = "com.apple.product-type.application";
		};
/* End PBXNativeTarget section */

/* Begin PBXProject section */
		9C95C0531BD7FC0B008063C3 /* Project object */ = {
			isa = PBXProject;
			attributes = {
				LastSwiftUpdateCheck = 0700;
				LastUpgradeCheck = 0700;
				ORGANIZATIONNAME = "Alejandro Rodriguez";
				TargetAttributes = {
					9C95C05A1BD7FC0B008063C3 = {
						CreatedOnToolsVersion = 7.0.1;
					};
				};
			};
			buildConfigurationList = 9C95C0561BD7FC0B008063C3 /* Build configuration list for PBXProject "PruebaFont" */;
			compatibilityVersion = "Xcode 3.2";
			developmentRegion = English;
			hasScannedForEncodings = 0;
			knownRegions = (
				en,
				Base,
			);
			mainGroup = 9C95C0521BD7FC0B008063C3;
			productRefGroup = 9C95C05C1BD7FC0B008063C3 /* Products */;
			projectDirPath = "";
			projectRoot = "";
			targets = (
				9C95C05A1BD7FC0B008063C3 /* PruebaFont */,
			);
		};
/* End PBXProject section */

/* Begin PBXResourcesBuildPhase section */
		9C95C0591BD7FC0B008063C3 /* Resources */ = {
			isa = PBXResourcesBuildPhase;
			buildActionMask = 2147483647;
			files = (
				9C95C0691BD7FC0C008063C3 /* LaunchScreen.storyboard in Resources */,
				9C95C0661BD7FC0C008063C3 /* Assets.xcassets in Resources */,
				9C95C0641BD7FC0B008063C3 /* Main.storyboard in Resources */,
			);
			runOnlyForDeploymentPostprocessing = 0;
		};
/* End PBXResourcesBuildPhase section */

/* Begin PBXShellScriptBuildPhase section */
		53992CA8F523F0925E2EAA6C /* Check Pods Manifest.lock */ = {
			isa = PBXShellScriptBuildPhase;
			buildActionMask = 2147483647;
			files = (
			);
			inputPaths = (
			);
			name = "Check Pods Manifest.lock";
			outputPaths = (
			);
			runOnlyForDeploymentPostprocessing = 0;
			shellPath = /bin/sh;
			shellScript = "diff \"${PODS_ROOT}/../Podfile.lock\" \"${PODS_ROOT}/Manifest.lock\" > /dev/null\nif [[ $? != 0 ]] ; then\n    cat << EOM\nerror: The sandbox is not in sync with the Podfile.lock. Run 'pod install' or update your CocoaPods installation.\nEOM\n    exit 1\nfi\n";
			showEnvVarsInLog = 0;
		};
		6EB8521171ECA017A34ED455 /* Embed Pods Frameworks */ = {
			isa = PBXShellScriptBuildPhase;
			buildActionMask = 2147483647;
			files = (
			);
			inputPaths = (
			);
			name = "Embed Pods Frameworks";
			outputPaths = (
			);
			runOnlyForDeploymentPostprocessing = 0;
			shellPath = /bin/sh;
			shellScript = "\"${SRCROOT}/Pods/Target Support Files/Pods-PruebaFont/Pods-PruebaFont-frameworks.sh\"\n";
			showEnvVarsInLog = 0;
		};
		752F5433B6C45164AB224C8F /* Copy Pods Resources */ = {
			isa = PBXShellScriptBuildPhase;
			buildActionMask = 2147483647;
			files = (
			);
			inputPaths = (
			);
			name = "Copy Pods Resources";
			outputPaths = (
			);
			runOnlyForDeploymentPostprocessing = 0;
			shellPath = /bin/sh;
			shellScript = "\"${SRCROOT}/Pods/Target Support Files/Pods-PruebaFont/Pods-PruebaFont-resources.sh\"\n";
			showEnvVarsInLog = 0;
		};
/* End PBXShellScriptBuildPhase section */

/* Begin PBXSourcesBuildPhase section */
		9C95C0571BD7FC0B008063C3 /* Sources */ = {
			isa = PBXSourcesBuildPhase;
			buildActionMask = 2147483647;
			files = (
				9C95C0611BD7FC0B008063C3 /* ViewController.swift in Sources */,
				9C95C05F1BD7FC0B008063C3 /* AppDelegate.swift in Sources */,
			);
			runOnlyForDeploymentPostprocessing = 0;
		};
/* End PBXSourcesBuildPhase section */

/* Begin PBXVariantGroup section */
		9C95C0621BD7FC0B008063C3 /* Main.storyboard */ = {
			isa = PBXVariantGroup;
			children = (
				9C95C0631BD7FC0B008063C3 /* Base */,
			);
			name = Main.storyboard;
			sourceTree = "<group>";
		};
		9C95C0671BD7FC0C008063C3 /* LaunchScreen.storyboard */ = {
			isa = PBXVariantGroup;
			children = (
				9C95C0681BD7FC0C008063C3 /* Base */,
			);
			name = LaunchScreen.storyboard;
			sourceTree = "<group>";
		};
/* End PBXVariantGroup section */

/* Begin XCBuildConfiguration section */
		9C95C06B1BD7FC0C008063C3 /* Debug */ = {
			isa = XCBuildConfiguration;
			buildSettings = {
				ALWAYS_SEARCH_USER_PATHS = NO;
				CLANG_CXX_LANGUAGE_STANDARD = "gnu++0x";
				CLANG_CXX_LIBRARY = "libc++";
				CLANG_ENABLE_MODULES = YES;
				CLANG_ENABLE_OBJC_ARC = YES;
				CLANG_WARN_BOOL_CONVERSION = YES;
				CLANG_WARN_CONSTANT_CONVERSION = YES;
				CLANG_WARN_DIRECT_OBJC_ISA_USAGE = YES_ERROR;
				CLANG_WARN_EMPTY_BODY = YES;
				CLANG_WARN_ENUM_CONVERSION = YES;
				CLANG_WARN_INT_CONVERSION = YES;
				CLANG_WARN_OBJC_ROOT_CLASS = YES_ERROR;
				CLANG_WARN_UNREACHABLE_CODE = YES;
				CLANG_WARN__DUPLICATE_METHOD_MATCH = YES;
				"CODE_SIGN_IDENTITY[sdk=iphoneos*]" = "iPhone Developer";
				COPY_PHASE_STRIP = NO;
				DEBUG_INFORMATION_FORMAT = dwarf;
				ENABLE_STRICT_OBJC_MSGSEND = YES;
				ENABLE_TESTABILITY = YES;
				GCC_C_LANGUAGE_STANDARD = gnu99;
				GCC_DYNAMIC_NO_PIC = NO;
				GCC_NO_COMMON_BLOCKS = YES;
				GCC_OPTIMIZATION_LEVEL = 0;
				GCC_PREPROCESSOR_DEFINITIONS = (
					"DEBUG=1",
					"$(inherited)",
				);
				GCC_WARN_64_TO_32_BIT_CONVERSION = YES;
				GCC_WARN_ABOUT_RETURN_TYPE = YES_ERROR;
				GCC_WARN_UNDECLARED_SELECTOR = YES;
				GCC_WARN_UNINITIALIZED_AUTOS = YES_AGGRESSIVE;
				GCC_WARN_UNUSED_FUNCTION = YES;
				GCC_WARN_UNUSED_VARIABLE = YES;
				IPHONEOS_DEPLOYMENT_TARGET = 9.0;
				MTL_ENABLE_DEBUG_INFO = YES;
				ONLY_ACTIVE_ARCH = YES;
				SDKROOT = iphoneos;
				SWIFT_OPTIMIZATION_LEVEL = "-Onone";
			};
			name = Debug;
		};
		9C95C06C1BD7FC0C008063C3 /* Release */ = {
			isa = XCBuildConfiguration;
			buildSettings = {
				ALWAYS_SEARCH_USER_PATHS = NO;
				CLANG_CXX_LANGUAGE_STANDARD = "gnu++0x";
				CLANG_CXX_LIBRARY = "libc++";
				CLANG_ENABLE_MODULES = YES;
				CLANG_ENABLE_OBJC_ARC = YES;
				CLANG_WARN_BOOL_CONVERSION = YES;
				CLANG_WARN_CONSTANT_CONVERSION = YES;
				CLANG_WARN_DIRECT_OBJC_ISA_USAGE = YES_ERROR;
				CLANG_WARN_EMPTY_BODY = YES;
				CLANG_WARN_ENUM_CONVERSION = YES;
				CLANG_WARN_INT_CONVERSION = YES;
				CLANG_WARN_OBJC_ROOT_CLASS = YES_ERROR;
				CLANG_WARN_UNREACHABLE_CODE = YES;
				CLANG_WARN__DUPLICATE_METHOD_MATCH = YES;
				"CODE_SIGN_IDENTITY[sdk=iphoneos*]" = "iPhone Developer";
				COPY_PHASE_STRIP = NO;
				DEBUG_INFORMATION_FORMAT = "dwarf-with-dsym";
				ENABLE_NS_ASSERTIONS = NO;
				ENABLE_STRICT_OBJC_MSGSEND = YES;
				GCC_C_LANGUAGE_STANDARD = gnu99;
				GCC_NO_COMMON_BLOCKS = YES;
				GCC_WARN_64_TO_32_BIT_CONVERSION = YES;
				GCC_WARN_ABOUT_RETURN_TYPE = YES_ERROR;
				GCC_WARN_UNDECLARED_SELECTOR = YES;
				GCC_WARN_UNINITIALIZED_AUTOS = YES_AGGRESSIVE;
				GCC_WARN_UNUSED_FUNCTION = YES;
				GCC_WARN_UNUSED_VARIABLE = YES;
				IPHONEOS_DEPLOYMENT_TARGET = 9.0;
				MTL_ENABLE_DEBUG_INFO = NO;
				SDKROOT = iphoneos;
				VALIDATE_PRODUCT = YES;
			};
			name = Release;
		};
		9C95C06E1BD7FC0C008063C3 /* Debug */ = {
			isa = XCBuildConfiguration;
			baseConfigurationReference = 135CA8F25F2D34330F69C006 /* Pods-PruebaFont.debug.xcconfig */;
			buildSettings = {
				ASSETCATALOG_COMPILER_APPICON_NAME = AppIcon;
				CLANG_ENABLE_MODULES = YES;
				INFOPLIST_FILE = PruebaFont/Info.plist;
				LD_RUNPATH_SEARCH_PATHS = "$(inherited) @executable_path/Frameworks";
				PRODUCT_BUNDLE_IDENTIFIER = com.arf.PruebaFont;
				PRODUCT_NAME = "$(TARGET_NAME)";
				SWIFT_OBJC_BRIDGING_HEADER = "PruebaFont/PruebaFont-Bridging-Header.h";
				SWIFT_OPTIMIZATION_LEVEL = "-Onone";
			};
			name = Debug;
		};
		9C95C06F1BD7FC0C008063C3 /* Release */ = {
			isa = XCBuildConfiguration;
			baseConfigurationReference = FCD37F3EE1C1D32672C64812 /* Pods-PruebaFont.release.xcconfig */;
			buildSettings = {
				ASSETCATALOG_COMPILER_APPICON_NAME = AppIcon;
				CLANG_ENABLE_MODULES = YES;
				INFOPLIST_FILE = PruebaFont/Info.plist;
				LD_RUNPATH_SEARCH_PATHS = "$(inherited) @executable_path/Frameworks";
				PRODUCT_BUNDLE_IDENTIFIER = com.arf.PruebaFont;
				PRODUCT_NAME = "$(TARGET_NAME)";
				SWIFT_OBJC_BRIDGING_HEADER = "PruebaFont/PruebaFont-Bridging-Header.h";
			};
			name = Release;
		};
/* End XCBuildConfiguration section */

/* Begin XCConfigurationList section */
		9C95C0561BD7FC0B008063C3 /* Build configuration list for PBXProject "PruebaFont" */ = {
			isa = XCConfigurationList;
			buildConfigurations = (
				9C95C06B1BD7FC0C008063C3 /* Debug */,
				9C95C06C1BD7FC0C008063C3 /* Release */,
			);
			defaultConfigurationIsVisible = 0;
			defaultConfigurationName = Release;
		};
		9C95C06D1BD7FC0C008063C3 /* Build configuration list for PBXNativeTarget "PruebaFont" */ = {
			isa = XCConfigurationList;
			buildConfigurations = (
				9C95C06E1BD7FC0C008063C3 /* Debug */,
				9C95C06F1BD7FC0C008063C3 /* Release */,
			);
			defaultConfigurationIsVisible = 0;
			defaultConfigurationName = Release;
		};
/* End XCConfigurationList section */
	};
	rootObject = 9C95C0531BD7FC0B008063C3 /* Project object */;
}
